<?xml version="1.0" encoding="utf-8"?>
<Project ToolsVersion="17.0" xmlns="http://schemas.microsoft.com/developer/msbuild/2003">
  <ItemGroup>
    <CustomBuild Include="C:\Users\Mikhail Krysin\source\repos\HW_2_config\libarchive_build\CMakeFiles\ff9d3630942e0a630c1f7bbc8736d3ee\RUN_TESTS_force.rule">
      <Filter>CMake Rules</Filter>
    </CustomBuild>
  </ItemGroup>
  <ItemGroup>
    <Filter Include="CMake Rules">
      <UniqueIdentifier>{39154CA1-1D5E-3629-9531-B42210A9A89C}</UniqueIdentifier>
    </Filter>
  </ItemGroup>
</Project>
