
Microsoft Visual Studio Solution File, Format Version 12.00
# Visual Studio Version 17
Project("{8BC9CEB8-8B4A-11D0-8D11-00A0C91BC942}") = "ALL_BUILD", "ALL_BUILD.vcxproj", "{F4B79486-DFE7-34E9-B0CA-C4CF1174366C}"
	ProjectSection(ProjectDependencies) = postProject
		{883FD191-FFA5-344C-AEC7-002E2220DDC0} = {883FD191-FFA5-344C-AEC7-002E2220DDC0}
		{15843881-4D12-3877-87A4-B4F6CEB313EF} = {15843881-4D12-3877-87A4-B4F6CEB313EF}
		{8D607D27-324F-36F0-A066-52B1832D804F} = {8D607D27-324F-36F0-A066-52B1832D804F}
		{361B04D0-07D5-30D4-A67D-52DA11A126F7} = {361B04D0-07D5-30D4-A67D-52DA11A126F7}
		{77BB115D-6D64-3C32-B86B-F4031401E003} = {77BB115D-6D64-3C32-B86B-F4031401E003}
		{91A0B335-3E3E-32B6-B922-31F8BA947981} = {91A0B335-3E3E-32B6-B922-31F8BA947981}
		{625B6D19-3CAB-3E59-B2FF-3AC2F98AE6F3} = {625B6D19-3CAB-3E59-B2FF-3AC2F98AE6F3}
		{002C4C61-18D4-3B6F-A07F-A00B03E21BD5} = {002C4C61-18D4-3B6F-A07F-A00B03E21BD5}
		{6C233566-A1B6-3731-82FF-9BB4908143EA} = {6C233566-A1B6-3731-82FF-9BB4908143EA}
		{4C6946D0-3C29-36D5-84ED-66D2101A761D} = {4C6946D0-3C29-36D5-84ED-66D2101A761D}
	EndProjectSection
EndProject
Project("{8BC9CEB8-8B4A-11D0-8D11-00A0C91BC942}") = "Continuous", "Continuous.vcxproj", "{7883204D-4FC7-3FE7-9A47-DA3B8DB4ADC6}"
	ProjectSection(ProjectDependencies) = postProject
		{883FD191-FFA5-344C-AEC7-002E2220DDC0} = {883FD191-FFA5-344C-AEC7-002E2220DDC0}
	EndProjectSection
EndProject
Project("{8BC9CEB8-8B4A-11D0-8D11-00A0C91BC942}") = "Experimental", "Experimental.vcxproj", "{4E9F62FD-A8C0-333A-9C47-D7CE60EE40B9}"
	ProjectSection(ProjectDependencies) = postProject
		{883FD191-FFA5-344C-AEC7-002E2220DDC0} = {883FD191-FFA5-344C-AEC7-002E2220DDC0}
	EndProjectSection
EndProject
Project("{8BC9CEB8-8B4A-11D0-8D11-00A0C91BC942}") = "INSTALL", "INSTALL.vcxproj", "{8B200CBA-654D-321E-A0B7-B94E52448D53}"
	ProjectSection(ProjectDependencies) = postProject
		{F4B79486-DFE7-34E9-B0CA-C4CF1174366C} = {F4B79486-DFE7-34E9-B0CA-C4CF1174366C}
		{883FD191-FFA5-344C-AEC7-002E2220DDC0} = {883FD191-FFA5-344C-AEC7-002E2220DDC0}
	EndProjectSection
EndProject
Project("{8BC9CEB8-8B4A-11D0-8D11-00A0C91BC942}") = "Nightly", "Nightly.vcxproj", "{6A693B18-E265-3F26-9FE4-F4B0308D12AF}"
	ProjectSection(ProjectDependencies) = postProject
		{883FD191-FFA5-344C-AEC7-002E2220DDC0} = {883FD191-FFA5-344C-AEC7-002E2220DDC0}
	EndProjectSection
EndProject
Project("{8BC9CEB8-8B4A-11D0-8D11-00A0C91BC942}") = "NightlyMemoryCheck", "NightlyMemoryCheck.vcxproj", "{9B770275-5777-381D-BBCB-7E392F0D3F76}"
	ProjectSection(ProjectDependencies) = postProject
		{883FD191-FFA5-344C-AEC7-002E2220DDC0} = {883FD191-FFA5-344C-AEC7-002E2220DDC0}
	EndProjectSection
EndProject
Project("{8BC9CEB8-8B4A-11D0-8D11-00A0C91BC942}") = "RUN_TESTS", "RUN_TESTS.vcxproj", "{A8B14959-37E0-39DE-88AE-9B8518529AB1}"
	ProjectSection(ProjectDependencies) = postProject
		{883FD191-FFA5-344C-AEC7-002E2220DDC0} = {883FD191-FFA5-344C-AEC7-002E2220DDC0}
	EndProjectSection
EndProject
Project("{8BC9CEB8-8B4A-11D0-8D11-00A0C91BC942}") = "ZERO_CHECK", "ZERO_CHECK.vcxproj", "{883FD191-FFA5-344C-AEC7-002E2220DDC0}"
	ProjectSection(ProjectDependencies) = postProject
	EndProjectSection
EndProject
Project("{8BC9CEB8-8B4A-11D0-8D11-00A0C91BC942}") = "archive", "libarchive\archive.vcxproj", "{15843881-4D12-3877-87A4-B4F6CEB313EF}"
	ProjectSection(ProjectDependencies) = postProject
		{883FD191-FFA5-344C-AEC7-002E2220DDC0} = {883FD191-FFA5-344C-AEC7-002E2220DDC0}
	EndProjectSection
EndProject
Project("{8BC9CEB8-8B4A-11D0-8D11-00A0C91BC942}") = "archive_static", "libarchive\archive_static.vcxproj", "{8D607D27-324F-36F0-A066-52B1832D804F}"
	ProjectSection(ProjectDependencies) = postProject
		{883FD191-FFA5-344C-AEC7-002E2220DDC0} = {883FD191-FFA5-344C-AEC7-002E2220DDC0}
	EndProjectSection
EndProject
Project("{8BC9CEB8-8B4A-11D0-8D11-00A0C91BC942}") = "bsdcat", "cat\bsdcat.vcxproj", "{361B04D0-07D5-30D4-A67D-52DA11A126F7}"
	ProjectSection(ProjectDependencies) = postProject
		{883FD191-FFA5-344C-AEC7-002E2220DDC0} = {883FD191-FFA5-344C-AEC7-002E2220DDC0}
		{8D607D27-324F-36F0-A066-52B1832D804F} = {8D607D27-324F-36F0-A066-52B1832D804F}
	EndProjectSection
EndProject
Project("{8BC9CEB8-8B4A-11D0-8D11-00A0C91BC942}") = "bsdcat_test", "cat\test\bsdcat_test.vcxproj", "{77BB115D-6D64-3C32-B86B-F4031401E003}"
	ProjectSection(ProjectDependencies) = postProject
		{883FD191-FFA5-344C-AEC7-002E2220DDC0} = {883FD191-FFA5-344C-AEC7-002E2220DDC0}
	EndProjectSection
EndProject
Project("{8BC9CEB8-8B4A-11D0-8D11-00A0C91BC942}") = "bsdcpio", "cpio\bsdcpio.vcxproj", "{91A0B335-3E3E-32B6-B922-31F8BA947981}"
	ProjectSection(ProjectDependencies) = postProject
		{883FD191-FFA5-344C-AEC7-002E2220DDC0} = {883FD191-FFA5-344C-AEC7-002E2220DDC0}
		{8D607D27-324F-36F0-A066-52B1832D804F} = {8D607D27-324F-36F0-A066-52B1832D804F}
	EndProjectSection
EndProject
Project("{8BC9CEB8-8B4A-11D0-8D11-00A0C91BC942}") = "bsdcpio_test", "cpio\test\bsdcpio_test.vcxproj", "{625B6D19-3CAB-3E59-B2FF-3AC2F98AE6F3}"
	ProjectSection(ProjectDependencies) = postProject
		{883FD191-FFA5-344C-AEC7-002E2220DDC0} = {883FD191-FFA5-344C-AEC7-002E2220DDC0}
	EndProjectSection
EndProject
Project("{8BC9CEB8-8B4A-11D0-8D11-00A0C91BC942}") = "bsdtar", "tar\bsdtar.vcxproj", "{002C4C61-18D4-3B6F-A07F-A00B03E21BD5}"
	ProjectSection(ProjectDependencies) = postProject
		{883FD191-FFA5-344C-AEC7-002E2220DDC0} = {883FD191-FFA5-344C-AEC7-002E2220DDC0}
		{8D607D27-324F-36F0-A066-52B1832D804F} = {8D607D27-324F-36F0-A066-52B1832D804F}
	EndProjectSection
EndProject
Project("{8BC9CEB8-8B4A-11D0-8D11-00A0C91BC942}") = "bsdtar_test", "tar\test\bsdtar_test.vcxproj", "{6C233566-A1B6-3731-82FF-9BB4908143EA}"
	ProjectSection(ProjectDependencies) = postProject
		{883FD191-FFA5-344C-AEC7-002E2220DDC0} = {883FD191-FFA5-344C-AEC7-002E2220DDC0}
	EndProjectSection
EndProject
Project("{8BC9CEB8-8B4A-11D0-8D11-00A0C91BC942}") = "libarchive_test", "libarchive\test\libarchive_test.vcxproj", "{4C6946D0-3C29-36D5-84ED-66D2101A761D}"
	ProjectSection(ProjectDependencies) = postProject
		{883FD191-FFA5-344C-AEC7-002E2220DDC0} = {883FD191-FFA5-344C-AEC7-002E2220DDC0}
		{8D607D27-324F-36F0-A066-52B1832D804F} = {8D607D27-324F-36F0-A066-52B1832D804F}
	EndProjectSection
EndProject
Project("{8BC9CEB8-8B4A-11D0-8D11-00A0C91BC942}") = "run_all_tests", "run_all_tests.vcxproj", "{3BB94BFC-1CD4-35FD-A6AD-6602FD7930CA}"
	ProjectSection(ProjectDependencies) = postProject
		{883FD191-FFA5-344C-AEC7-002E2220DDC0} = {883FD191-FFA5-344C-AEC7-002E2220DDC0}
		{84BA87A7-99C1-3868-A1AA-104775F06328} = {84BA87A7-99C1-3868-A1AA-104775F06328}
		{65005400-58C5-3D3E-AC0C-7786C79B4DF5} = {65005400-58C5-3D3E-AC0C-7786C79B4DF5}
		{BE1E6CCA-D1FD-30CE-8347-F443C1A8D205} = {BE1E6CCA-D1FD-30CE-8347-F443C1A8D205}
		{E31FE416-FC19-3A63-8FF4-DD2F52269CDF} = {E31FE416-FC19-3A63-8FF4-DD2F52269CDF}
	EndProjectSection
EndProject
Project("{8BC9CEB8-8B4A-11D0-8D11-00A0C91BC942}") = "run_bsdcat_test", "cat\test\run_bsdcat_test.vcxproj", "{84BA87A7-99C1-3868-A1AA-104775F06328}"
	ProjectSection(ProjectDependencies) = postProject
		{883FD191-FFA5-344C-AEC7-002E2220DDC0} = {883FD191-FFA5-344C-AEC7-002E2220DDC0}
		{361B04D0-07D5-30D4-A67D-52DA11A126F7} = {361B04D0-07D5-30D4-A67D-52DA11A126F7}
		{77BB115D-6D64-3C32-B86B-F4031401E003} = {77BB115D-6D64-3C32-B86B-F4031401E003}
	EndProjectSection
EndProject
Project("{8BC9CEB8-8B4A-11D0-8D11-00A0C91BC942}") = "run_bsdcpio_test", "cpio\test\run_bsdcpio_test.vcxproj", "{65005400-58C5-3D3E-AC0C-7786C79B4DF5}"
	ProjectSection(ProjectDependencies) = postProject
		{883FD191-FFA5-344C-AEC7-002E2220DDC0} = {883FD191-FFA5-344C-AEC7-002E2220DDC0}
		{91A0B335-3E3E-32B6-B922-31F8BA947981} = {91A0B335-3E3E-32B6-B922-31F8BA947981}
		{625B6D19-3CAB-3E59-B2FF-3AC2F98AE6F3} = {625B6D19-3CAB-3E59-B2FF-3AC2F98AE6F3}
	EndProjectSection
EndProject
Project("{8BC9CEB8-8B4A-11D0-8D11-00A0C91BC942}") = "run_bsdtar_test", "tar\test\run_bsdtar_test.vcxproj", "{BE1E6CCA-D1FD-30CE-8347-F443C1A8D205}"
	ProjectSection(ProjectDependencies) = postProject
		{883FD191-FFA5-344C-AEC7-002E2220DDC0} = {883FD191-FFA5-344C-AEC7-002E2220DDC0}
		{002C4C61-18D4-3B6F-A07F-A00B03E21BD5} = {002C4C61-18D4-3B6F-A07F-A00B03E21BD5}
		{6C233566-A1B6-3731-82FF-9BB4908143EA} = {6C233566-A1B6-3731-82FF-9BB4908143EA}
	EndProjectSection
EndProject
Project("{8BC9CEB8-8B4A-11D0-8D11-00A0C91BC942}") = "run_libarchive_test", "libarchive\test\run_libarchive_test.vcxproj", "{E31FE416-FC19-3A63-8FF4-DD2F52269CDF}"
	ProjectSection(ProjectDependencies) = postProject
		{883FD191-FFA5-344C-AEC7-002E2220DDC0} = {883FD191-FFA5-344C-AEC7-002E2220DDC0}
		{4C6946D0-3C29-36D5-84ED-66D2101A761D} = {4C6946D0-3C29-36D5-84ED-66D2101A761D}
	EndProjectSection
EndProject
Global
	GlobalSection(SolutionConfigurationPlatforms) = preSolution
		Debug|Win32 = Debug|Win32
		Release|Win32 = Release|Win32
		MinSizeRel|Win32 = MinSizeRel|Win32
		RelWithDebInfo|Win32 = RelWithDebInfo|Win32
	EndGlobalSection
	GlobalSection(ProjectConfigurationPlatforms) = postSolution
		{F4B79486-DFE7-34E9-B0CA-C4CF1174366C}.Debug|Win32.ActiveCfg = Debug|Win32
		{F4B79486-DFE7-34E9-B0CA-C4CF1174366C}.Debug|Win32.Build.0 = Debug|Win32
		{F4B79486-DFE7-34E9-B0CA-C4CF1174366C}.Release|Win32.ActiveCfg = Release|Win32
		{F4B79486-DFE7-34E9-B0CA-C4CF1174366C}.Release|Win32.Build.0 = Release|Win32
		{F4B79486-DFE7-34E9-B0CA-C4CF1174366C}.MinSizeRel|Win32.ActiveCfg = MinSizeRel|Win32
		{F4B79486-DFE7-34E9-B0CA-C4CF1174366C}.MinSizeRel|Win32.Build.0 = MinSizeRel|Win32
		{F4B79486-DFE7-34E9-B0CA-C4CF1174366C}.RelWithDebInfo|Win32.ActiveCfg = RelWithDebInfo|Win32
		{F4B79486-DFE7-34E9-B0CA-C4CF1174366C}.RelWithDebInfo|Win32.Build.0 = RelWithDebInfo|Win32
		{7883204D-4FC7-3FE7-9A47-DA3B8DB4ADC6}.Debug|Win32.ActiveCfg = Debug|Win32
		{7883204D-4FC7-3FE7-9A47-DA3B8DB4ADC6}.Release|Win32.ActiveCfg = Release|Win32
		{7883204D-4FC7-3FE7-9A47-DA3B8DB4ADC6}.MinSizeRel|Win32.ActiveCfg = MinSizeRel|Win32
		{7883204D-4FC7-3FE7-9A47-DA3B8DB4ADC6}.RelWithDebInfo|Win32.ActiveCfg = RelWithDebInfo|Win32
		{4E9F62FD-A8C0-333A-9C47-D7CE60EE40B9}.Debug|Win32.ActiveCfg = Debug|Win32
		{4E9F62FD-A8C0-333A-9C47-D7CE60EE40B9}.Release|Win32.ActiveCfg = Release|Win32
		{4E9F62FD-A8C0-333A-9C47-D7CE60EE40B9}.MinSizeRel|Win32.ActiveCfg = MinSizeRel|Win32
		{4E9F62FD-A8C0-333A-9C47-D7CE60EE40B9}.RelWithDebInfo|Win32.ActiveCfg = RelWithDebInfo|Win32
		{8B200CBA-654D-321E-A0B7-B94E52448D53}.Debug|Win32.ActiveCfg = Debug|Win32
		{8B200CBA-654D-321E-A0B7-B94E52448D53}.Release|Win32.ActiveCfg = Release|Win32
		{8B200CBA-654D-321E-A0B7-B94E52448D53}.MinSizeRel|Win32.ActiveCfg = MinSizeRel|Win32
		{8B200CBA-654D-321E-A0B7-B94E52448D53}.RelWithDebInfo|Win32.ActiveCfg = RelWithDebInfo|Win32
		{6A693B18-E265-3F26-9FE4-F4B0308D12AF}.Debug|Win32.ActiveCfg = Debug|Win32
		{6A693B18-E265-3F26-9FE4-F4B0308D12AF}.Release|Win32.ActiveCfg = Release|Win32
		{6A693B18-E265-3F26-9FE4-F4B0308D12AF}.MinSizeRel|Win32.ActiveCfg = MinSizeRel|Win32
		{6A693B18-E265-3F26-9FE4-F4B0308D12AF}.RelWithDebInfo|Win32.ActiveCfg = RelWithDebInfo|Win32
		{9B770275-5777-381D-BBCB-7E392F0D3F76}.Debug|Win32.ActiveCfg = Debug|Win32
		{9B770275-5777-381D-BBCB-7E392F0D3F76}.Release|Win32.ActiveCfg = Release|Win32
		{9B770275-5777-381D-BBCB-7E392F0D3F76}.MinSizeRel|Win32.ActiveCfg = MinSizeRel|Win32
		{9B770275-5777-381D-BBCB-7E392F0D3F76}.RelWithDebInfo|Win32.ActiveCfg = RelWithDebInfo|Win32
		{A8B14959-37E0-39DE-88AE-9B8518529AB1}.Debug|Win32.ActiveCfg = Debug|Win32
		{A8B14959-37E0-39DE-88AE-9B8518529AB1}.Release|Win32.ActiveCfg = Release|Win32
		{A8B14959-37E0-39DE-88AE-9B8518529AB1}.MinSizeRel|Win32.ActiveCfg = MinSizeRel|Win32
		{A8B14959-37E0-39DE-88AE-9B8518529AB1}.RelWithDebInfo|Win32.ActiveCfg = RelWithDebInfo|Win32
		{883FD191-FFA5-344C-AEC7-002E2220DDC0}.Debug|Win32.ActiveCfg = Debug|Win32
		{883FD191-FFA5-344C-AEC7-002E2220DDC0}.Debug|Win32.Build.0 = Debug|Win32
		{883FD191-FFA5-344C-AEC7-002E2220DDC0}.Release|Win32.ActiveCfg = Release|Win32
		{883FD191-FFA5-344C-AEC7-002E2220DDC0}.Release|Win32.Build.0 = Release|Win32
		{883FD191-FFA5-344C-AEC7-002E2220DDC0}.MinSizeRel|Win32.ActiveCfg = MinSizeRel|Win32
		{883FD191-FFA5-344C-AEC7-002E2220DDC0}.MinSizeRel|Win32.Build.0 = MinSizeRel|Win32
		{883FD191-FFA5-344C-AEC7-002E2220DDC0}.RelWithDebInfo|Win32.ActiveCfg = RelWithDebInfo|Win32
		{883FD191-FFA5-344C-AEC7-002E2220DDC0}.RelWithDebInfo|Win32.Build.0 = RelWithDebInfo|Win32
		{15843881-4D12-3877-87A4-B4F6CEB313EF}.Debug|Win32.ActiveCfg = Debug|Win32
		{15843881-4D12-3877-87A4-B4F6CEB313EF}.Debug|Win32.Build.0 = Debug|Win32
		{15843881-4D12-3877-87A4-B4F6CEB313EF}.Release|Win32.ActiveCfg = Release|Win32
		{15843881-4D12-3877-87A4-B4F6CEB313EF}.Release|Win32.Build.0 = Release|Win32
		{15843881-4D12-3877-87A4-B4F6CEB313EF}.MinSizeRel|Win32.ActiveCfg = MinSizeRel|Win32
		{15843881-4D12-3877-87A4-B4F6CEB313EF}.MinSizeRel|Win32.Build.0 = MinSizeRel|Win32
		{15843881-4D12-3877-87A4-B4F6CEB313EF}.RelWithDebInfo|Win32.ActiveCfg = RelWithDebInfo|Win32
		{15843881-4D12-3877-87A4-B4F6CEB313EF}.RelWithDebInfo|Win32.Build.0 = RelWithDebInfo|Win32
		{8D607D27-324F-36F0-A066-52B1832D804F}.Debug|Win32.ActiveCfg = Debug|Win32
		{8D607D27-324F-36F0-A066-52B1832D804F}.Debug|Win32.Build.0 = Debug|Win32
		{8D607D27-324F-36F0-A066-52B1832D804F}.Release|Win32.ActiveCfg = Release|Win32
		{8D607D27-324F-36F0-A066-52B1832D804F}.Release|Win32.Build.0 = Release|Win32
		{8D607D27-324F-36F0-A066-52B1832D804F}.MinSizeRel|Win32.ActiveCfg = MinSizeRel|Win32
		{8D607D27-324F-36F0-A066-52B1832D804F}.MinSizeRel|Win32.Build.0 = MinSizeRel|Win32
		{8D607D27-324F-36F0-A066-52B1832D804F}.RelWithDebInfo|Win32.ActiveCfg = RelWithDebInfo|Win32
		{8D607D27-324F-36F0-A066-52B1832D804F}.RelWithDebInfo|Win32.Build.0 = RelWithDebInfo|Win32
		{361B04D0-07D5-30D4-A67D-52DA11A126F7}.Debug|Win32.ActiveCfg = Debug|Win32
		{361B04D0-07D5-30D4-A67D-52DA11A126F7}.Debug|Win32.Build.0 = Debug|Win32
		{361B04D0-07D5-30D4-A67D-52DA11A126F7}.Release|Win32.ActiveCfg = Release|Win32
		{361B04D0-07D5-30D4-A67D-52DA11A126F7}.Release|Win32.Build.0 = Release|Win32
		{361B04D0-07D5-30D4-A67D-52DA11A126F7}.MinSizeRel|Win32.ActiveCfg = MinSizeRel|Win32
		{361B04D0-07D5-30D4-A67D-52DA11A126F7}.MinSizeRel|Win32.Build.0 = MinSizeRel|Win32
		{361B04D0-07D5-30D4-A67D-52DA11A126F7}.RelWithDebInfo|Win32.ActiveCfg = RelWithDebInfo|Win32
		{361B04D0-07D5-30D4-A67D-52DA11A126F7}.RelWithDebInfo|Win32.Build.0 = RelWithDebInfo|Win32
		{77BB115D-6D64-3C32-B86B-F4031401E003}.Debug|Win32.ActiveCfg = Debug|Win32
		{77BB115D-6D64-3C32-B86B-F4031401E003}.Debug|Win32.Build.0 = Debug|Win32
		{77BB115D-6D64-3C32-B86B-F4031401E003}.Release|Win32.ActiveCfg = Release|Win32
		{77BB115D-6D64-3C32-B86B-F4031401E003}.Release|Win32.Build.0 = Release|Win32
		{77BB115D-6D64-3C32-B86B-F4031401E003}.MinSizeRel|Win32.ActiveCfg = MinSizeRel|Win32
		{77BB115D-6D64-3C32-B86B-F4031401E003}.MinSizeRel|Win32.Build.0 = MinSizeRel|Win32
		{77BB115D-6D64-3C32-B86B-F4031401E003}.RelWithDebInfo|Win32.ActiveCfg = RelWithDebInfo|Win32
		{77BB115D-6D64-3C32-B86B-F4031401E003}.RelWithDebInfo|Win32.Build.0 = RelWithDebInfo|Win32
		{91A0B335-3E3E-32B6-B922-31F8BA947981}.Debug|Win32.ActiveCfg = Debug|Win32
		{91A0B335-3E3E-32B6-B922-31F8BA947981}.Debug|Win32.Build.0 = Debug|Win32
		{91A0B335-3E3E-32B6-B922-31F8BA947981}.Release|Win32.ActiveCfg = Release|Win32
		{91A0B335-3E3E-32B6-B922-31F8BA947981}.Release|Win32.Build.0 = Release|Win32
		{91A0B335-3E3E-32B6-B922-31F8BA947981}.MinSizeRel|Win32.ActiveCfg = MinSizeRel|Win32
		{91A0B335-3E3E-32B6-B922-31F8BA947981}.MinSizeRel|Win32.Build.0 = MinSizeRel|Win32
		{91A0B335-3E3E-32B6-B922-31F8BA947981}.RelWithDebInfo|Win32.ActiveCfg = RelWithDebInfo|Win32
		{91A0B335-3E3E-32B6-B922-31F8BA947981}.RelWithDebInfo|Win32.Build.0 = RelWithDebInfo|Win32
		{625B6D19-3CAB-3E59-B2FF-3AC2F98AE6F3}.Debug|Win32.ActiveCfg = Debug|Win32
		{625B6D19-3CAB-3E59-B2FF-3AC2F98AE6F3}.Debug|Win32.Build.0 = Debug|Win32
		{625B6D19-3CAB-3E59-B2FF-3AC2F98AE6F3}.Release|Win32.ActiveCfg = Release|Win32
		{625B6D19-3CAB-3E59-B2FF-3AC2F98AE6F3}.Release|Win32.Build.0 = Release|Win32
		{625B6D19-3CAB-3E59-B2FF-3AC2F98AE6F3}.MinSizeRel|Win32.ActiveCfg = MinSizeRel|Win32
		{625B6D19-3CAB-3E59-B2FF-3AC2F98AE6F3}.MinSizeRel|Win32.Build.0 = MinSizeRel|Win32
		{625B6D19-3CAB-3E59-B2FF-3AC2F98AE6F3}.RelWithDebInfo|Win32.ActiveCfg = RelWithDebInfo|Win32
		{625B6D19-3CAB-3E59-B2FF-3AC2F98AE6F3}.RelWithDebInfo|Win32.Build.0 = RelWithDebInfo|Win32
		{002C4C61-18D4-3B6F-A07F-A00B03E21BD5}.Debug|Win32.ActiveCfg = Debug|Win32
		{002C4C61-18D4-3B6F-A07F-A00B03E21BD5}.Debug|Win32.Build.0 = Debug|Win32
		{002C4C61-18D4-3B6F-A07F-A00B03E21BD5}.Release|Win32.ActiveCfg = Release|Win32
		{002C4C61-18D4-3B6F-A07F-A00B03E21BD5}.Release|Win32.Build.0 = Release|Win32
		{002C4C61-18D4-3B6F-A07F-A00B03E21BD5}.MinSizeRel|Win32.ActiveCfg = MinSizeRel|Win32
		{002C4C61-18D4-3B6F-A07F-A00B03E21BD5}.MinSizeRel|Win32.Build.0 = MinSizeRel|Win32
		{002C4C61-18D4-3B6F-A07F-A00B03E21BD5}.RelWithDebInfo|Win32.ActiveCfg = RelWithDebInfo|Win32
		{002C4C61-18D4-3B6F-A07F-A00B03E21BD5}.RelWithDebInfo|Win32.Build.0 = RelWithDebInfo|Win32
		{6C233566-A1B6-3731-82FF-9BB4908143EA}.Debug|Win32.ActiveCfg = Debug|Win32
		{6C233566-A1B6-3731-82FF-9BB4908143EA}.Debug|Win32.Build.0 = Debug|Win32
		{6C233566-A1B6-3731-82FF-9BB4908143EA}.Release|Win32.ActiveCfg = Release|Win32
		{6C233566-A1B6-3731-82FF-9BB4908143EA}.Release|Win32.Build.0 = Release|Win32
		{6C233566-A1B6-3731-82FF-9BB4908143EA}.MinSizeRel|Win32.ActiveCfg = MinSizeRel|Win32
		{6C233566-A1B6-3731-82FF-9BB4908143EA}.MinSizeRel|Win32.Build.0 = MinSizeRel|Win32
		{6C233566-A1B6-3731-82FF-9BB4908143EA}.RelWithDebInfo|Win32.ActiveCfg = RelWithDebInfo|Win32
		{6C233566-A1B6-3731-82FF-9BB4908143EA}.RelWithDebInfo|Win32.Build.0 = RelWithDebInfo|Win32
		{4C6946D0-3C29-36D5-84ED-66D2101A761D}.Debug|Win32.ActiveCfg = Debug|Win32
		{4C6946D0-3C29-36D5-84ED-66D2101A761D}.Debug|Win32.Build.0 = Debug|Win32
		{4C6946D0-3C29-36D5-84ED-66D2101A761D}.Release|Win32.ActiveCfg = Release|Win32
		{4C6946D0-3C29-36D5-84ED-66D2101A761D}.Release|Win32.Build.0 = Release|Win32
		{4C6946D0-3C29-36D5-84ED-66D2101A761D}.MinSizeRel|Win32.ActiveCfg = MinSizeRel|Win32
		{4C6946D0-3C29-36D5-84ED-66D2101A761D}.MinSizeRel|Win32.Build.0 = MinSizeRel|Win32
		{4C6946D0-3C29-36D5-84ED-66D2101A761D}.RelWithDebInfo|Win32.ActiveCfg = RelWithDebInfo|Win32
		{4C6946D0-3C29-36D5-84ED-66D2101A761D}.RelWithDebInfo|Win32.Build.0 = RelWithDebInfo|Win32
		{3BB94BFC-1CD4-35FD-A6AD-6602FD7930CA}.Debug|Win32.ActiveCfg = Debug|Win32
		{3BB94BFC-1CD4-35FD-A6AD-6602FD7930CA}.Release|Win32.ActiveCfg = Release|Win32
		{3BB94BFC-1CD4-35FD-A6AD-6602FD7930CA}.MinSizeRel|Win32.ActiveCfg = MinSizeRel|Win32
		{3BB94BFC-1CD4-35FD-A6AD-6602FD7930CA}.RelWithDebInfo|Win32.ActiveCfg = RelWithDebInfo|Win32
		{84BA87A7-99C1-3868-A1AA-104775F06328}.Debug|Win32.ActiveCfg = Debug|Win32
		{84BA87A7-99C1-3868-A1AA-104775F06328}.Debug|Win32.Build.0 = Debug|Win32
		{84BA87A7-99C1-3868-A1AA-104775F06328}.Release|Win32.ActiveCfg = Release|Win32
		{84BA87A7-99C1-3868-A1AA-104775F06328}.Release|Win32.Build.0 = Release|Win32
		{84BA87A7-99C1-3868-A1AA-104775F06328}.MinSizeRel|Win32.ActiveCfg = MinSizeRel|Win32
		{84BA87A7-99C1-3868-A1AA-104775F06328}.MinSizeRel|Win32.Build.0 = MinSizeRel|Win32
		{84BA87A7-99C1-3868-A1AA-104775F06328}.RelWithDebInfo|Win32.ActiveCfg = RelWithDebInfo|Win32
		{84BA87A7-99C1-3868-A1AA-104775F06328}.RelWithDebInfo|Win32.Build.0 = RelWithDebInfo|Win32
		{65005400-58C5-3D3E-AC0C-7786C79B4DF5}.Debug|Win32.ActiveCfg = Debug|Win32
		{65005400-58C5-3D3E-AC0C-7786C79B4DF5}.Debug|Win32.Build.0 = Debug|Win32
		{65005400-58C5-3D3E-AC0C-7786C79B4DF5}.Release|Win32.ActiveCfg = Release|Win32
		{65005400-58C5-3D3E-AC0C-7786C79B4DF5}.Release|Win32.Build.0 = Release|Win32
		{65005400-58C5-3D3E-AC0C-7786C79B4DF5}.MinSizeRel|Win32.ActiveCfg = MinSizeRel|Win32
		{65005400-58C5-3D3E-AC0C-7786C79B4DF5}.MinSizeRel|Win32.Build.0 = MinSizeRel|Win32
		{65005400-58C5-3D3E-AC0C-7786C79B4DF5}.RelWithDebInfo|Win32.ActiveCfg = RelWithDebInfo|Win32
		{65005400-58C5-3D3E-AC0C-7786C79B4DF5}.RelWithDebInfo|Win32.Build.0 = RelWithDebInfo|Win32
		{BE1E6CCA-D1FD-30CE-8347-F443C1A8D205}.Debug|Win32.ActiveCfg = Debug|Win32
		{BE1E6CCA-D1FD-30CE-8347-F443C1A8D205}.Debug|Win32.Build.0 = Debug|Win32
		{BE1E6CCA-D1FD-30CE-8347-F443C1A8D205}.Release|Win32.ActiveCfg = Release|Win32
		{BE1E6CCA-D1FD-30CE-8347-F443C1A8D205}.Release|Win32.Build.0 = Release|Win32
		{BE1E6CCA-D1FD-30CE-8347-F443C1A8D205}.MinSizeRel|Win32.ActiveCfg = MinSizeRel|Win32
		{BE1E6CCA-D1FD-30CE-8347-F443C1A8D205}.MinSizeRel|Win32.Build.0 = MinSizeRel|Win32
		{BE1E6CCA-D1FD-30CE-8347-F443C1A8D205}.RelWithDebInfo|Win32.ActiveCfg = RelWithDebInfo|Win32
		{BE1E6CCA-D1FD-30CE-8347-F443C1A8D205}.RelWithDebInfo|Win32.Build.0 = RelWithDebInfo|Win32
		{E31FE416-FC19-3A63-8FF4-DD2F52269CDF}.Debug|Win32.ActiveCfg = Debug|Win32
		{E31FE416-FC19-3A63-8FF4-DD2F52269CDF}.Debug|Win32.Build.0 = Debug|Win32
		{E31FE416-FC19-3A63-8FF4-DD2F52269CDF}.Release|Win32.ActiveCfg = Release|Win32
		{E31FE416-FC19-3A63-8FF4-DD2F52269CDF}.Release|Win32.Build.0 = Release|Win32
		{E31FE416-FC19-3A63-8FF4-DD2F52269CDF}.MinSizeRel|Win32.ActiveCfg = MinSizeRel|Win32
		{E31FE416-FC19-3A63-8FF4-DD2F52269CDF}.MinSizeRel|Win32.Build.0 = MinSizeRel|Win32
		{E31FE416-FC19-3A63-8FF4-DD2F52269CDF}.RelWithDebInfo|Win32.ActiveCfg = RelWithDebInfo|Win32
		{E31FE416-FC19-3A63-8FF4-DD2F52269CDF}.RelWithDebInfo|Win32.Build.0 = RelWithDebInfo|Win32
	EndGlobalSection
	GlobalSection(ExtensibilityGlobals) = postSolution
		SolutionGuid = {5940957B-671A-303C-A330-AEBDC3200CCF}
	EndGlobalSection
	GlobalSection(ExtensibilityAddIns) = postSolution
	EndGlobalSection
EndGlobal
