<?xml version="1.0" encoding="utf-8"?>
<Project ToolsVersion="17.0" xmlns="http://schemas.microsoft.com/developer/msbuild/2003">
  <ItemGroup>
    <CustomBuild Include="C:\Users\Mikhail Krysin\source\repos\HW_2_config\libarchive_build\CMakeFiles\d28c7e8880efe36da11cc21eb4e2134f\Nightly.rule">
      <Filter>CMake Rules</Filter>
    </CustomBuild>
    <CustomBuild Include="C:\Users\Mikhail Krysin\source\repos\libarchive-3.7.7\CMakeLists.txt" />
  </ItemGroup>
  <ItemGroup>
    <None Include="C:\Users\Mikhail Krysin\source\repos\HW_2_config\libarchive_build\CMakeFiles\Nightly" />
  </ItemGroup>
  <ItemGroup>
    <Filter Include="CMake Rules">
      <UniqueIdentifier>{39154CA1-1D5E-3629-9531-B42210A9A89C}</UniqueIdentifier>
    </Filter>
  </ItemGroup>
</Project>
