<?xml version="1.0" encoding="utf-8"?>
<Project ToolsVersion="17.0" xmlns="http://schemas.microsoft.com/developer/msbuild/2003">
  <ItemGroup>
    <ClCompile Include="C:\Users\Mikhail Krysin\source\repos\libarchive-3.7.7\cat\bsdcat.c">
      <Filter>Source Files</Filter>
    </ClCompile>
    <ClCompile Include="C:\Users\Mikhail Krysin\source\repos\libarchive-3.7.7\cat\cmdline.c">
      <Filter>Source Files</Filter>
    </ClCompile>
    <ClCompile Include="C:\Users\Mikhail Krysin\source\repos\libarchive-3.7.7\libarchive_fe\err.c">
      <Filter>Source Files</Filter>
    </ClCompile>
  </ItemGroup>
  <ItemGroup>
    <ClInclude Include="C:\Users\Mikhail Krysin\source\repos\libarchive-3.7.7\cat\bsdcat.h">
      <Filter>Header Files</Filter>
    </ClInclude>
    <ClInclude Include="C:\Users\Mikhail Krysin\source\repos\libarchive-3.7.7\cat\bsdcat_platform.h">
      <Filter>Header Files</Filter>
    </ClInclude>
    <ClInclude Include="C:\Users\Mikhail Krysin\source\repos\libarchive-3.7.7\libarchive_fe\err.h">
      <Filter>Header Files</Filter>
    </ClInclude>
    <ClInclude Include="C:\Users\Mikhail Krysin\source\repos\libarchive-3.7.7\libarchive_fe\lafe_platform.h">
      <Filter>Header Files</Filter>
    </ClInclude>
  </ItemGroup>
  <ItemGroup>
    <CustomBuild Include="C:\Users\Mikhail Krysin\source\repos\libarchive-3.7.7\cat\CMakeLists.txt" />
  </ItemGroup>
  <ItemGroup>
    <Filter Include="Header Files">
      <UniqueIdentifier>{8B64E1BC-5BCB-3CC0-A653-93CB819116B8}</UniqueIdentifier>
    </Filter>
    <Filter Include="Source Files">
      <UniqueIdentifier>{7FFBDDFE-46FB-3B38-947A-F14EE6687592}</UniqueIdentifier>
    </Filter>
  </ItemGroup>
</Project>
